[root]
name = "rusty-jvm"
version = "0.1.0"
dependencies = [
 "classfile-parser 0.1.0 (git+https://github.com/MackieLoeffel/classfile-parser.git)",
]

[[package]]
name = "classfile-parser"
version = "0.1.0"
source = "git+https://github.com/MackieLoeffel/classfile-parser.git#dcfe1d21682670758e3958124d88948a17f375e7"
dependencies = [
 "nom 1.2.4 (registry+https://github.com/rust-lang/crates.io-index)",
]

[[package]]
name = "nom"
version = "1.2.4"
source = "registry+https://github.com/rust-lang/crates.io-index"

[metadata]
"checksum classfile-parser 0.1.0 (git+https://github.com/MackieLoeffel/classfile-parser.git)" = "<none>"
"checksum nom 1.2.4 (registry+https://github.com/rust-lang/crates.io-index)" = "a5b8c256fd9471521bcb84c3cdba98921497f1a331cbc15b8030fc63b82050ce"
